
Microsoft Visual Studio Solution File, Format Version 12.00
Project("{FAE04EC0-301F-11D3-BF4B-00C04F79EFBC}") = "Library.Api", "Library.Api\Library.Api.csproj", "{66E70CD1-34D2-4147-8B36-2E67B00CECB4}"
EndProject
Global
	GlobalSection(SolutionConfigurationPlatforms) = preSolution
		Debug|Any CPU = Debug|Any CPU
		Release|Any CPU = Release|Any CPU
	EndGlobalSection
	GlobalSection(ProjectConfigurationPlatforms) = postSolution
		{66E70CD1-34D2-4147-8B36-2E67B00CECB4}.Debug|Any CPU.ActiveCfg = Debug|Any CPU
		{66E70CD1-34D2-4147-8B36-2E67B00CECB4}.Debug|Any CPU.Build.0 = Debug|Any CPU
		{66E70CD1-34D2-4147-8B36-2E67B00CECB4}.Release|Any CPU.ActiveCfg = Release|Any CPU
		{66E70CD1-34D2-4147-8B36-2E67B00CECB4}.Release|Any CPU.Build.0 = Release|Any CPU
	EndGlobalSection
EndGlobal
